
Microsoft Visual Studio Solution File, Format Version 12.00
# Visual Studio Version 17
VisualStudioVersion = 17.4.33213.308
MinimumVisualStudioVersion = 10.0.40219.1
Project("{FAE04EC0-301F-11D3-BF4B-00C04F79EFBC}") = "NetLs_Fedoriv", "NetLs_Fedoriv\NetLs_Fedoriv.csproj", "{EDB5DA3F-415D-492C-B93E-49FB18CFFC96}"
EndProject
Global
	GlobalSection(SolutionConfigurationPlatforms) = preSolution
		Debug|Any CPU = Debug|Any CPU
		Release|Any CPU = Release|Any CPU
	EndGlobalSection
	GlobalSection(ProjectConfigurationPlatforms) = postSolution
		{EDB5DA3F-415D-492C-B93E-49FB18CFFC96}.Debug|Any CPU.ActiveCfg = Debug|Any CPU
		{EDB5DA3F-415D-492C-B93E-49FB18CFFC96}.Debug|Any CPU.Build.0 = Debug|Any CPU
		{EDB5DA3F-415D-492C-B93E-49FB18CFFC96}.Release|Any CPU.ActiveCfg = Release|Any CPU
		{EDB5DA3F-415D-492C-B93E-49FB18CFFC96}.Release|Any CPU.Build.0 = Release|Any CPU
	EndGlobalSection
	GlobalSection(SolutionProperties) = preSolution
		HideSolutionNode = FALSE
	EndGlobalSection
	GlobalSection(ExtensibilityGlobals) = postSolution
		SolutionGuid = {EA977106-6582-4E3C-997F-778933AF0EC9}
	EndGlobalSection
EndGlobal
